// !$*UTF8*$!
{
	archiveVersion = 1;
	classes = {
	};
	objectVersion = 77;
	objects = {

/* Begin PBXBuildFile section */
		020B9BF70CAEAF0AE0F6ABAF /* Assets.xcassets in Resources */ = {isa = PBXBuildFile; fileRef = CCB6A090D00345BD982D4D4F /* Assets.xcassets */; };
		036343E826FCA12FA4585CDD /* SpotifyManager.swift in Sources */ = {isa = PBXBuildFile; fileRef = A019B98D1F9D870225F3EDF9 /* SpotifyManager.swift */; };
		03E9C35FEEFAA86CF2A9ACCF /* FocusView.swift in Sources */ = {isa = PBXBuildFile; fileRef = FBEA34CAAA6F042BFDE3901F /* FocusView.swift */; };
		0420B499C2E11D8D7B8EDEF2 /* ResizeHandleView.swift in Sources */ = {isa = PBXBuildFile; fileRef = B33A49269EF3830C8EB6677D /* ResizeHandleView.swift */; };
		13CAD20044B0D0C38BB8F6CB /* TreeGrowthView.swift in Sources */ = {isa = PBXBuildFile; fileRef = DE893072BC43866FB6D15371 /* TreeGrowthView.swift */; };
		147F615D39405EEA902EDE92 /* SpotifyControlButton.swift in Sources */ = {isa = PBXBuildFile; fileRef = 1328F76A8CB23C757C79D5BF /* SpotifyControlButton.swift */; };
		19C03253334540FC4E0F935D /* AppDelegate.swift in Sources */ = {isa = PBXBuildFile; fileRef = 4DAE6F39FA08F09D89FA8F7A /* AppDelegate.swift */; };
		213F55613A70FD480E2B3ED6 /* MockSpotifyService.swift in Sources */ = {isa = PBXBuildFile; fileRef = D12708290197BDBE3B582233 /* MockSpotifyService.swift */; };
		252F10785BCACF8241CE19B7 /* SpotifyPermissionView.swift in Sources */ = {isa = PBXBuildFile; fileRef = B29AABAE47462DDC06B83476 /* SpotifyPermissionView.swift */; };
		29D6A1C4473F25F365738F52 /* SpotifyContracts.swift in Sources */ = {isa = PBXBuildFile; fileRef = 4D0CA3D4045FA41215280E76 /* SpotifyContracts.swift */; };
		2EEEFF2468EBCA92568586E7 /* TimerView.swift in Sources */ = {isa = PBXBuildFile; fileRef = 09F65086C6E61CBF9EA1D993 /* TimerView.swift */; };
		36600C143B4E90651BB8002E /* FocusPanel.swift in Sources */ = {isa = PBXBuildFile; fileRef = 6917A20F7E43B373454937D9 /* FocusPanel.swift */; };
		3A521CAA9DDD4180B873C13E /* AppConstants.swift in Sources */ = {isa = PBXBuildFile; fileRef = B5721A52408825C89368F0DE /* AppConstants.swift */; };
		4001780B8ADC8046D57A6B29 /* WindowLayoutContracts.swift in Sources */ = {isa = PBXBuildFile; fileRef = 7755EA07F6E8E9477BA67FF0 /* WindowLayoutContracts.swift */; };
		46F3918F0B92D80164DACC35 /* ZonnApp.swift in Sources */ = {isa = PBXBuildFile; fileRef = 07A632EB189C4AEBC868447A /* ZonnApp.swift */; };
		4CA81C78017210E859DF6E15 /* SpotifyColors.swift in Sources */ = {isa = PBXBuildFile; fileRef = BDBFF8BB50C17434BEA3253B /* SpotifyColors.swift */; };
		5101DE9C607DB7CF88E5BCE6 /* AppleScriptSpotifyService.swift in Sources */ = {isa = PBXBuildFile; fileRef = DDFC42D07F838139EE0BA29E /* AppleScriptSpotifyService.swift */; };
		7492DE665B81659E5F3CB402 /* MotivationalTextProvider.swift in Sources */ = {isa = PBXBuildFile; fileRef = 109B4E37E79A57E65A5D53B4 /* MotivationalTextProvider.swift */; };
		764C70B7AFF5FE9FC1448C57 /* StatisticsManager.swift in Sources */ = {isa = PBXBuildFile; fileRef = 607535DEF9005303723DDACA /* StatisticsManager.swift */; };
		84AB5DFF23CE82C4D7B357DE /* TimerPhase.swift in Sources */ = {isa = PBXBuildFile; fileRef = B8D79101BF2F9C41FE851F67 /* TimerPhase.swift */; };
		858B548C9DCAF63BDA070803 /* DurationPicker.swift in Sources */ = {isa = PBXBuildFile; fileRef = 6A565AAF3C9E6FCCE5F369DA /* DurationPicker.swift */; };
		86B5234DF740A2A32A3E7838 /* TimerState.swift in Sources */ = {isa = PBXBuildFile; fileRef = B80F7485F2B479D6E9653E9B /* TimerState.swift */; };
		93E2934B0AC9BF342E4347F1 /* SessionStore.swift in Sources */ = {isa = PBXBuildFile; fileRef = 988BE24EDAA472A1C660C413 /* SessionStore.swift */; };
		9E45D129238273DCDCA7A374 /* PrivacyInfo.xcprivacy in Resources */ = {isa = PBXBuildFile; fileRef = 276226B09825B0BEF3C565BD /* PrivacyInfo.xcprivacy */; };
		A19C782DF0A215D55616F870 /* FocusSession.swift in Sources */ = {isa = PBXBuildFile; fileRef = 6F4FC3A5A0F94659CF1DF8DD /* FocusSession.swift */; };
		A588C123F94E926573E87F64 /* SpotifyPlayerView.swift in Sources */ = {isa = PBXBuildFile; fileRef = 3AB61750007177499CDCB350 /* SpotifyPlayerView.swift */; };
		A86C55A08F8603BAA4521A93 /* AppColors.swift in Sources */ = {isa = PBXBuildFile; fileRef = 509890EE69D0ED188448D843 /* AppColors.swift */; };
		B39036DCCC9060216172C776 /* CompactTimerView.swift in Sources */ = {isa = PBXBuildFile; fileRef = E6846B2F3D769078D1FA02FA /* CompactTimerView.swift */; };
		BA257257E31935E52379300E /* SpotifyMiniPlayerView.swift in Sources */ = {isa = PBXBuildFile; fileRef = EF954378AB27B0D5A6AC7AA7 /* SpotifyMiniPlayerView.swift */; };
		BF3BBFB30B30DA7688FFE118 /* FocusSessionModel.swift in Sources */ = {isa = PBXBuildFile; fileRef = 0E5B3F14437EFB6CA64CB9E7 /* FocusSessionModel.swift */; };
		C47CBC3F407278EFBBBEC9DC /* CircularProgressRing.swift in Sources */ = {isa = PBXBuildFile; fileRef = 5A3AB7B89F0BE308D273083D /* CircularProgressRing.swift */; };
		D569200C5DC333C2BA13EE67 /* HistoryView.swift in Sources */ = {isa = PBXBuildFile; fileRef = 2EB4A6BF2A2F375DE5009B5B /* HistoryView.swift */; };
		E3A27A342DAC84EE30D65FC8 /* AlbumArtView.swift in Sources */ = {isa = PBXBuildFile; fileRef = 11F6C3F427B9A352CAA98AD8 /* AlbumArtView.swift */; };
		E5A6FD3BDD546ED0F8C6C512 /* FocusTimerState.swift in Sources */ = {isa = PBXBuildFile; fileRef = EB5D68C136B47B05606CBCCF /* FocusTimerState.swift */; };
		E7B90B50FFEDA36E2F1FAE1D /* SpotifyPermissionHandler.swift in Sources */ = {isa = PBXBuildFile; fileRef = A11BD0B8E5DC03AA08A73B17 /* SpotifyPermissionHandler.swift */; };
		EDBB62A5FCFFCE4830D3F911 /* LayoutSizeClass.swift in Sources */ = {isa = PBXBuildFile; fileRef = 458483F919CACD42C7798C00 /* LayoutSizeClass.swift */; };
		F62FFF3C9BCCD339E186F08C /* SessionLabelEditor.swift in Sources */ = {isa = PBXBuildFile; fileRef = 4E1C44CC529CD9A84E871417 /* SessionLabelEditor.swift */; };
		F8D7381970E93EF9FB4E7F25 /* SpotifyPermissionProtocol.swift in Sources */ = {isa = PBXBuildFile; fileRef = ED0E5BD1C4BEC06397622A4A /* SpotifyPermissionProtocol.swift */; };
/* End PBXBuildFile section */

/* Begin PBXFileReference section */
		00A41618EBC1575A4872E23F /* Zonn.app */ = {isa = PBXFileReference; explicitFileType = wrapper.application; includeInIndex = 0; path = Zonn.app; sourceTree = BUILT_PRODUCTS_DIR; };
		07A632EB189C4AEBC868447A /* ZonnApp.swift */ = {isa = PBXFileReference; lastKnownFileType = sourcecode.swift; path = ZonnApp.swift; sourceTree = "<group>"; };
		09F65086C6E61CBF9EA1D993 /* TimerView.swift */ = {isa = PBXFileReference; lastKnownFileType = sourcecode.swift; path = TimerView.swift; sourceTree = "<group>"; };
		0E5B3F14437EFB6CA64CB9E7 /* FocusSessionModel.swift */ = {isa = PBXFileReference; lastKnownFileType = sourcecode.swift; path = FocusSessionModel.swift; sourceTree = "<group>"; };
		109B4E37E79A57E65A5D53B4 /* MotivationalTextProvider.swift */ = {isa = PBXFileReference; lastKnownFileType = sourcecode.swift; path = MotivationalTextProvider.swift; sourceTree = "<group>"; };
		11F6C3F427B9A352CAA98AD8 /* AlbumArtView.swift */ = {isa = PBXFileReference; lastKnownFileType = sourcecode.swift; path = AlbumArtView.swift; sourceTree = "<group>"; };
		1328F76A8CB23C757C79D5BF /* SpotifyControlButton.swift */ = {isa = PBXFileReference; lastKnownFileType = sourcecode.swift; path = SpotifyControlButton.swift; sourceTree = "<group>"; };
		276226B09825B0BEF3C565BD /* PrivacyInfo.xcprivacy */ = {isa = PBXFileReference; path = PrivacyInfo.xcprivacy; sourceTree = "<group>"; };
		2EB4A6BF2A2F375DE5009B5B /* HistoryView.swift */ = {isa = PBXFileReference; lastKnownFileType = sourcecode.swift; path = HistoryView.swift; sourceTree = "<group>"; };
		3AB61750007177499CDCB350 /* SpotifyPlayerView.swift */ = {isa = PBXFileReference; lastKnownFileType = sourcecode.swift; path = SpotifyPlayerView.swift; sourceTree = "<group>"; };
		458483F919CACD42C7798C00 /* LayoutSizeClass.swift */ = {isa = PBXFileReference; lastKnownFileType = sourcecode.swift; path = LayoutSizeClass.swift; sourceTree = "<group>"; };
		4D0CA3D4045FA41215280E76 /* SpotifyContracts.swift */ = {isa = PBXFileReference; lastKnownFileType = sourcecode.swift; path = SpotifyContracts.swift; sourceTree = "<group>"; };
		4DAE6F39FA08F09D89FA8F7A /* AppDelegate.swift */ = {isa = PBXFileReference; lastKnownFileType = sourcecode.swift; path = AppDelegate.swift; sourceTree = "<group>"; };
		4E1C44CC529CD9A84E871417 /* SessionLabelEditor.swift */ = {isa = PBXFileReference; lastKnownFileType = sourcecode.swift; path = SessionLabelEditor.swift; sourceTree = "<group>"; };
		509890EE69D0ED188448D843 /* AppColors.swift */ = {isa = PBXFileReference; lastKnownFileType = sourcecode.swift; path = AppColors.swift; sourceTree = "<group>"; };
		5A3AB7B89F0BE308D273083D /* CircularProgressRing.swift */ = {isa = PBXFileReference; lastKnownFileType = sourcecode.swift; path = CircularProgressRing.swift; sourceTree = "<group>"; };
		5A96A4E7D24D665362801720 /* Zonn.entitlements */ = {isa = PBXFileReference; lastKnownFileType = text.plist.entitlements; path = Zonn.entitlements; sourceTree = "<group>"; };
		607535DEF9005303723DDACA /* StatisticsManager.swift */ = {isa = PBXFileReference; lastKnownFileType = sourcecode.swift; path = StatisticsManager.swift; sourceTree = "<group>"; };
		6917A20F7E43B373454937D9 /* FocusPanel.swift */ = {isa = PBXFileReference; lastKnownFileType = sourcecode.swift; path = FocusPanel.swift; sourceTree = "<group>"; };
		6A565AAF3C9E6FCCE5F369DA /* DurationPicker.swift */ = {isa = PBXFileReference; lastKnownFileType = sourcecode.swift; path = DurationPicker.swift; sourceTree = "<group>"; };
		6F4FC3A5A0F94659CF1DF8DD /* FocusSession.swift */ = {isa = PBXFileReference; lastKnownFileType = sourcecode.swift; path = FocusSession.swift; sourceTree = "<group>"; };
		7755EA07F6E8E9477BA67FF0 /* WindowLayoutContracts.swift */ = {isa = PBXFileReference; lastKnownFileType = sourcecode.swift; path = WindowLayoutContracts.swift; sourceTree = "<group>"; };
		988BE24EDAA472A1C660C413 /* SessionStore.swift */ = {isa = PBXFileReference; lastKnownFileType = sourcecode.swift; path = SessionStore.swift; sourceTree = "<group>"; };
		A019B98D1F9D870225F3EDF9 /* SpotifyManager.swift */ = {isa = PBXFileReference; lastKnownFileType = sourcecode.swift; path = SpotifyManager.swift; sourceTree = "<group>"; };
		A11BD0B8E5DC03AA08A73B17 /* SpotifyPermissionHandler.swift */ = {isa = PBXFileReference; lastKnownFileType = sourcecode.swift; path = SpotifyPermissionHandler.swift; sourceTree = "<group>"; };
		B29AABAE47462DDC06B83476 /* SpotifyPermissionView.swift */ = {isa = PBXFileReference; lastKnownFileType = sourcecode.swift; path = SpotifyPermissionView.swift; sourceTree = "<group>"; };
		B2E2CF984B3918C339C34B1A /* Info.plist */ = {isa = PBXFileReference; lastKnownFileType = text.plist; path = Info.plist; sourceTree = "<group>"; };
		B33A49269EF3830C8EB6677D /* ResizeHandleView.swift */ = {isa = PBXFileReference; lastKnownFileType = sourcecode.swift; path = ResizeHandleView.swift; sourceTree = "<group>"; };
		B5721A52408825C89368F0DE /* AppConstants.swift */ = {isa = PBXFileReference; lastKnownFileType = sourcecode.swift; path = AppConstants.swift; sourceTree = "<group>"; };
		B80F7485F2B479D6E9653E9B /* TimerState.swift */ = {isa = PBXFileReference; lastKnownFileType = sourcecode.swift; path = TimerState.swift; sourceTree = "<group>"; };
		B8D79101BF2F9C41FE851F67 /* TimerPhase.swift */ = {isa = PBXFileReference; lastKnownFileType = sourcecode.swift; path = TimerPhase.swift; sourceTree = "<group>"; };
		BDBFF8BB50C17434BEA3253B /* SpotifyColors.swift */ = {isa = PBXFileReference; lastKnownFileType = sourcecode.swift; path = SpotifyColors.swift; sourceTree = "<group>"; };
		CCB6A090D00345BD982D4D4F /* Assets.xcassets */ = {isa = PBXFileReference; lastKnownFileType = folder.assetcatalog; path = Assets.xcassets; sourceTree = "<group>"; };
		D12708290197BDBE3B582233 /* MockSpotifyService.swift */ = {isa = PBXFileReference; lastKnownFileType = sourcecode.swift; path = MockSpotifyService.swift; sourceTree = "<group>"; };
		DDFC42D07F838139EE0BA29E /* AppleScriptSpotifyService.swift */ = {isa = PBXFileReference; lastKnownFileType = sourcecode.swift; path = AppleScriptSpotifyService.swift; sourceTree = "<group>"; };
		DE893072BC43866FB6D15371 /* TreeGrowthView.swift */ = {isa = PBXFileReference; lastKnownFileType = sourcecode.swift; path = TreeGrowthView.swift; sourceTree = "<group>"; };
		E6846B2F3D769078D1FA02FA /* CompactTimerView.swift */ = {isa = PBXFileReference; lastKnownFileType = sourcecode.swift; path = CompactTimerView.swift; sourceTree = "<group>"; };
		EB5D68C136B47B05606CBCCF /* FocusTimerState.swift */ = {isa = PBXFileReference; lastKnownFileType = sourcecode.swift; path = FocusTimerState.swift; sourceTree = "<group>"; };
		ED0E5BD1C4BEC06397622A4A /* SpotifyPermissionProtocol.swift */ = {isa = PBXFileReference; lastKnownFileType = sourcecode.swift; path = SpotifyPermissionProtocol.swift; sourceTree = "<group>"; };
		EF954378AB27B0D5A6AC7AA7 /* SpotifyMiniPlayerView.swift */ = {isa = PBXFileReference; lastKnownFileType = sourcecode.swift; path = SpotifyMiniPlayerView.swift; sourceTree = "<group>"; };
		FBEA34CAAA6F042BFDE3901F /* FocusView.swift */ = {isa = PBXFileReference; lastKnownFileType = sourcecode.swift; path = FocusView.swift; sourceTree = "<group>"; };
/* End PBXFileReference section */

/* Begin PBXGroup section */
		134B6003CFD614C59E0D7671 /* Managers */ = {
			isa = PBXGroup;
			children = (
				988BE24EDAA472A1C660C413 /* SessionStore.swift */,
				607535DEF9005303723DDACA /* StatisticsManager.swift */,
			);
			path = Managers;
			sourceTree = "<group>";
		};
		1C476C0DDBE32CC98E925E43 /* Products */ = {
			isa = PBXGroup;
			children = (
				00A41618EBC1575A4872E23F /* Zonn.app */,
			);
			name = Products;
			sourceTree = "<group>";
		};
		2A39D4ED8C1A952684FA3641 /* Zonn */ = {
			isa = PBXGroup;
			children = (
				4DAE6F39FA08F09D89FA8F7A /* AppDelegate.swift */,
				CCB6A090D00345BD982D4D4F /* Assets.xcassets */,
				B2E2CF984B3918C339C34B1A /* Info.plist */,
				276226B09825B0BEF3C565BD /* PrivacyInfo.xcprivacy */,
				5A96A4E7D24D665362801720 /* Zonn.entitlements */,
				07A632EB189C4AEBC868447A /* ZonnApp.swift */,
				134B6003CFD614C59E0D7671 /* Managers */,
				E6F5B087D5D30564BBA59024 /* Models */,
				B243AF21E13312D13E1AC1AC /* Spotify */,
				33E767A72CBBBC4DCF26BE9C /* Theme */,
				D38FB74C798E242FA709F59F /* Utilities */,
				9F3FBE880005D5740943CB5E /* Views */,
				98F29426C03CD6D739FDA615 /* Windows */,
			);
			path = Zonn;
			sourceTree = "<group>";
		};
		33E767A72CBBBC4DCF26BE9C /* Theme */ = {
			isa = PBXGroup;
			children = (
				509890EE69D0ED188448D843 /* AppColors.swift */,
			);
			path = Theme;
			sourceTree = "<group>";
		};
		44FD4F197F5AE4F9063ADAEF = {
			isa = PBXGroup;
			children = (
				2A39D4ED8C1A952684FA3641 /* Zonn */,
				1C476C0DDBE32CC98E925E43 /* Products */,
			);
			sourceTree = "<group>";
		};
		8D8624BF624556303A7AC6FD /* Views */ = {
			isa = PBXGroup;
			children = (
				11F6C3F427B9A352CAA98AD8 /* AlbumArtView.swift */,
				1328F76A8CB23C757C79D5BF /* SpotifyControlButton.swift */,
				EF954378AB27B0D5A6AC7AA7 /* SpotifyMiniPlayerView.swift */,
				B29AABAE47462DDC06B83476 /* SpotifyPermissionView.swift */,
				3AB61750007177499CDCB350 /* SpotifyPlayerView.swift */,
			);
			path = Views;
			sourceTree = "<group>";
		};
		98F29426C03CD6D739FDA615 /* Windows */ = {
			isa = PBXGroup;
			children = (
				6917A20F7E43B373454937D9 /* FocusPanel.swift */,
			);
			path = Windows;
			sourceTree = "<group>";
		};
		9F3FBE880005D5740943CB5E /* Views */ = {
			isa = PBXGroup;
			children = (
				FBEA34CAAA6F042BFDE3901F /* FocusView.swift */,
				2EB4A6BF2A2F375DE5009B5B /* HistoryView.swift */,
				09F65086C6E61CBF9EA1D993 /* TimerView.swift */,
				B6A7CE029E201C9CE2FD519E /* Components */,
			);
			path = Views;
			sourceTree = "<group>";
		};
		B243AF21E13312D13E1AC1AC /* Spotify */ = {
			isa = PBXGroup;
			children = (
				BDBFF8BB50C17434BEA3253B /* SpotifyColors.swift */,
				4D0CA3D4045FA41215280E76 /* SpotifyContracts.swift */,
				A019B98D1F9D870225F3EDF9 /* SpotifyManager.swift */,
				ED0E5BD1C4BEC06397622A4A /* SpotifyPermissionProtocol.swift */,
				E601EEE4899C6B04B5D4DBD5 /* Services */,
				8D8624BF624556303A7AC6FD /* Views */,
			);
			path = Spotify;
			sourceTree = "<group>";
		};
		B6A7CE029E201C9CE2FD519E /* Components */ = {
			isa = PBXGroup;
			children = (
				5A3AB7B89F0BE308D273083D /* CircularProgressRing.swift */,
				E6846B2F3D769078D1FA02FA /* CompactTimerView.swift */,
				6A565AAF3C9E6FCCE5F369DA /* DurationPicker.swift */,
				B33A49269EF3830C8EB6677D /* ResizeHandleView.swift */,
				4E1C44CC529CD9A84E871417 /* SessionLabelEditor.swift */,
				DE893072BC43866FB6D15371 /* TreeGrowthView.swift */,
			);
			path = Components;
			sourceTree = "<group>";
		};
		D38FB74C798E242FA709F59F /* Utilities */ = {
			isa = PBXGroup;
			children = (
				B5721A52408825C89368F0DE /* AppConstants.swift */,
				458483F919CACD42C7798C00 /* LayoutSizeClass.swift */,
				109B4E37E79A57E65A5D53B4 /* MotivationalTextProvider.swift */,
				7755EA07F6E8E9477BA67FF0 /* WindowLayoutContracts.swift */,
			);
			path = Utilities;
			sourceTree = "<group>";
		};
		E601EEE4899C6B04B5D4DBD5 /* Services */ = {
			isa = PBXGroup;
			children = (
				DDFC42D07F838139EE0BA29E /* AppleScriptSpotifyService.swift */,
				D12708290197BDBE3B582233 /* MockSpotifyService.swift */,
				A11BD0B8E5DC03AA08A73B17 /* SpotifyPermissionHandler.swift */,
			);
			path = Services;
			sourceTree = "<group>";
		};
		E6F5B087D5D30564BBA59024 /* Models */ = {
			isa = PBXGroup;
			children = (
				6F4FC3A5A0F94659CF1DF8DD /* FocusSession.swift */,
				0E5B3F14437EFB6CA64CB9E7 /* FocusSessionModel.swift */,
				EB5D68C136B47B05606CBCCF /* FocusTimerState.swift */,
				B8D79101BF2F9C41FE851F67 /* TimerPhase.swift */,
				B80F7485F2B479D6E9653E9B /* TimerState.swift */,
			);
			path = Models;
			sourceTree = "<group>";
		};
/* End PBXGroup section */

/* Begin PBXNativeTarget section */
		83DB511936594C9EEBE09096 /* Zonn */ = {
			isa = PBXNativeTarget;
			buildConfigurationList = A9AB66BBEBDA4ED34EAE9D78 /* Build configuration list for PBXNativeTarget "Zonn" */;
			buildPhases = (
				199E40434A0E841AE6302229 /* Sources */,
				5B434D0F24EC263DD05BD0E1 /* Resources */,
			);
			buildRules = (
			);
			dependencies = (
			);
			name = Zonn;
			packageProductDependencies = (
			);
			productName = Zonn;
			productReference = 00A41618EBC1575A4872E23F /* Zonn.app */;
			productType = "com.apple.product-type.application";
		};
/* End PBXNativeTarget section */

/* Begin PBXProject section */
		6A92339081BE0DC0313CF250 /* Project object */ = {
			isa = PBXProject;
			attributes = {
				BuildIndependentTargetsInParallel = YES;
				LastUpgradeCheck = 1500;
				TargetAttributes = {
					83DB511936594C9EEBE09096 = {
						ProvisioningStyle = Manual;
					};
				};
			};
			buildConfigurationList = 98A6BA88E924078E04709555 /* Build configuration list for PBXProject "Zonn" */;
			compatibilityVersion = "Xcode 14.0";
			developmentRegion = en;
			hasScannedForEncodings = 0;
			knownRegions = (
				Base,
				en,
			);
			mainGroup = 44FD4F197F5AE4F9063ADAEF;
			minimizedProjectReferenceProxies = 1;
			preferredProjectObjectVersion = 77;
			projectDirPath = "";
			projectRoot = "";
			targets = (
				83DB511936594C9EEBE09096 /* Zonn */,
			);
		};
/* End PBXProject section */

/* Begin PBXResourcesBuildPhase section */
		5B434D0F24EC263DD05BD0E1 /* Resources */ = {
			isa = PBXResourcesBuildPhase;
			buildActionMask = 2147483647;
			files = (
				020B9BF70CAEAF0AE0F6ABAF /* Assets.xcassets in Resources */,
				9E45D129238273DCDCA7A374 /* PrivacyInfo.xcprivacy in Resources */,
			);
			runOnlyForDeploymentPostprocessing = 0;
		};
/* End PBXResourcesBuildPhase section */

/* Begin PBXSourcesBuildPhase section */
		199E40434A0E841AE6302229 /* Sources */ = {
			isa = PBXSourcesBuildPhase;
			buildActionMask = 2147483647;
			files = (
				E3A27A342DAC84EE30D65FC8 /* AlbumArtView.swift in Sources */,
				A86C55A08F8603BAA4521A93 /* AppColors.swift in Sources */,
				3A521CAA9DDD4180B873C13E /* AppConstants.swift in Sources */,
				19C03253334540FC4E0F935D /* AppDelegate.swift in Sources */,
				5101DE9C607DB7CF88E5BCE6 /* AppleScriptSpotifyService.swift in Sources */,
				C47CBC3F407278EFBBBEC9DC /* CircularProgressRing.swift in Sources */,
				B39036DCCC9060216172C776 /* CompactTimerView.swift in Sources */,
				858B548C9DCAF63BDA070803 /* DurationPicker.swift in Sources */,
				36600C143B4E90651BB8002E /* FocusPanel.swift in Sources */,
				A19C782DF0A215D55616F870 /* FocusSession.swift in Sources */,
				BF3BBFB30B30DA7688FFE118 /* FocusSessionModel.swift in Sources */,
				E5A6FD3BDD546ED0F8C6C512 /* FocusTimerState.swift in Sources */,
				03E9C35FEEFAA86CF2A9ACCF /* FocusView.swift in Sources */,
				D569200C5DC333C2BA13EE67 /* HistoryView.swift in Sources */,
				EDBB62A5FCFFCE4830D3F911 /* LayoutSizeClass.swift in Sources */,
				213F55613A70FD480E2B3ED6 /* MockSpotifyService.swift in Sources */,
				7492DE665B81659E5F3CB402 /* MotivationalTextProvider.swift in Sources */,
				0420B499C2E11D8D7B8EDEF2 /* ResizeHandleView.swift in Sources */,
				F62FFF3C9BCCD339E186F08C /* SessionLabelEditor.swift in Sources */,
				93E2934B0AC9BF342E4347F1 /* SessionStore.swift in Sources */,
				4CA81C78017210E859DF6E15 /* SpotifyColors.swift in Sources */,
				29D6A1C4473F25F365738F52 /* SpotifyContracts.swift in Sources */,
				147F615D39405EEA902EDE92 /* SpotifyControlButton.swift in Sources */,
				036343E826FCA12FA4585CDD /* SpotifyManager.swift in Sources */,
				BA257257E31935E52379300E /* SpotifyMiniPlayerView.swift in Sources */,
				E7B90B50FFEDA36E2F1FAE1D /* SpotifyPermissionHandler.swift in Sources */,
				F8D7381970E93EF9FB4E7F25 /* SpotifyPermissionProtocol.swift in Sources */,
				252F10785BCACF8241CE19B7 /* SpotifyPermissionView.swift in Sources */,
				A588C123F94E926573E87F64 /* SpotifyPlayerView.swift in Sources */,
				764C70B7AFF5FE9FC1448C57 /* StatisticsManager.swift in Sources */,
				84AB5DFF23CE82C4D7B357DE /* TimerPhase.swift in Sources */,
				86B5234DF740A2A32A3E7838 /* TimerState.swift in Sources */,
				2EEEFF2468EBCA92568586E7 /* TimerView.swift in Sources */,
				13CAD20044B0D0C38BB8F6CB /* TreeGrowthView.swift in Sources */,
				4001780B8ADC8046D57A6B29 /* WindowLayoutContracts.swift in Sources */,
				46F3918F0B92D80164DACC35 /* ZonnApp.swift in Sources */,
			);
			runOnlyForDeploymentPostprocessing = 0;
		};
/* End PBXSourcesBuildPhase section */

/* Begin XCBuildConfiguration section */
		3C881EEB4C0CBA863E009B09 /* Debug */ = {
			isa = XCBuildConfiguration;
			buildSettings = {
				ALWAYS_SEARCH_USER_PATHS = NO;
				CLANG_ANALYZER_NONNULL = YES;
				CLANG_ANALYZER_NUMBER_OBJECT_CONVERSION = YES_AGGRESSIVE;
				CLANG_CXX_LANGUAGE_STANDARD = "gnu++14";
				CLANG_CXX_LIBRARY = "libc++";
				CLANG_ENABLE_MODULES = YES;
				CLANG_ENABLE_OBJC_ARC = YES;
				CLANG_ENABLE_OBJC_WEAK = YES;
				CLANG_WARN_BLOCK_CAPTURE_AUTORELEASING = YES;
				CLANG_WARN_BOOL_CONVERSION = YES;
				CLANG_WARN_COMMA = YES;
				CLANG_WARN_CONSTANT_CONVERSION = YES;
				CLANG_WARN_DEPRECATED_OBJC_IMPLEMENTATIONS = YES;
				CLANG_WARN_DIRECT_OBJC_ISA_USAGE = YES_ERROR;
				CLANG_WARN_DOCUMENTATION_COMMENTS = YES;
				CLANG_WARN_EMPTY_BODY = YES;
				CLANG_WARN_ENUM_CONVERSION = YES;
				CLANG_WARN_INFINITE_RECURSION = YES;
				CLANG_WARN_INT_CONVERSION = YES;
				CLANG_WARN_NON_LITERAL_NULL_CONVERSION = YES;
				CLANG_WARN_OBJC_IMPLICIT_RETAIN_SELF = YES;
				CLANG_WARN_OBJC_LITERAL_CONVERSION = YES;
				CLANG_WARN_OBJC_ROOT_CLASS = YES_ERROR;
				CLANG_WARN_QUOTED_INCLUDE_IN_FRAMEWORK_HEADER = YES;
				CLANG_WARN_RANGE_LOOP_ANALYSIS = YES;
				CLANG_WARN_STRICT_PROTOTYPES = YES;
				CLANG_WARN_SUSPICIOUS_MOVE = YES;
				CLANG_WARN_UNGUARDED_AVAILABILITY = YES_AGGRESSIVE;
				CLANG_WARN_UNREACHABLE_CODE = YES;
				CLANG_WARN__DUPLICATE_METHOD_MATCH = YES;
				COPY_PHASE_STRIP = NO;
				DEBUG_INFORMATION_FORMAT = dwarf;
				ENABLE_STRICT_OBJC_MSGSEND = YES;
				ENABLE_TESTABILITY = YES;
				GCC_C_LANGUAGE_STANDARD = gnu11;
				GCC_DYNAMIC_NO_PIC = NO;
				GCC_NO_COMMON_BLOCKS = YES;
				GCC_OPTIMIZATION_LEVEL = 0;
				GCC_PREPROCESSOR_DEFINITIONS = (
					"$(inherited)",
					"DEBUG=1",
				);
				GCC_WARN_64_TO_32_BIT_CONVERSION = YES;
				GCC_WARN_ABOUT_RETURN_TYPE = YES_ERROR;
				GCC_WARN_UNDECLARED_SELECTOR = YES;
				GCC_WARN_UNINITIALIZED_AUTOS = YES_AGGRESSIVE;
				GCC_WARN_UNUSED_FUNCTION = YES;
				GCC_WARN_UNUSED_VARIABLE = YES;
				MACOSX_DEPLOYMENT_TARGET = 14.0;
				MTL_ENABLE_DEBUG_INFO = INCLUDE_SOURCE;
				MTL_FAST_MATH = YES;
				ONLY_ACTIVE_ARCH = YES;
				PRODUCT_NAME = "$(TARGET_NAME)";
				SDKROOT = macosx;
				SWIFT_ACTIVE_COMPILATION_CONDITIONS = DEBUG;
				SWIFT_OPTIMIZATION_LEVEL = "-Onone";
				SWIFT_VERSION = 5.0;
			};
			name = Debug;
		};
		62749C4875634D7FCEAAFECF /* Debug */ = {
			isa = XCBuildConfiguration;
			buildSettings = {
				ASSETCATALOG_COMPILER_APPICON_NAME = AppIcon;
				CODE_SIGN_ENTITLEMENTS = Zonn/Zonn.entitlements;
				CODE_SIGN_IDENTITY = "-";
				CODE_SIGN_STYLE = Manual;
				COMBINE_HIDPI_IMAGES = YES;
				CURRENT_PROJECT_VERSION = 1;
				ENABLE_HARDENED_RUNTIME = NO;
				GENERATE_INFOPLIST_FILE = NO;
				INFOPLIST_FILE = Zonn/Info.plist;
				LD_RUNPATH_SEARCH_PATHS = (
					"$(inherited)",
					"@executable_path/../Frameworks",
				);
				MACOSX_DEPLOYMENT_TARGET = 14.0;
				MARKETING_VERSION = 1.0.0;
				PRODUCT_BUNDLE_IDENTIFIER = com.sultanvaliyev.Zonn;
				PRODUCT_NAME = Zonn;
				SDKROOT = macosx;
				SWIFT_VERSION = 5.9;
			};
			name = Debug;
		};
		655A6780E0A4A59EF5A3C6BD /* Release */ = {
			isa = XCBuildConfiguration;
			buildSettings = {
				ASSETCATALOG_COMPILER_APPICON_NAME = AppIcon;
				CODE_SIGN_ENTITLEMENTS = Zonn/Zonn.entitlements;
				CODE_SIGN_IDENTITY = "-";
				CODE_SIGN_STYLE = Manual;
				COMBINE_HIDPI_IMAGES = YES;
				CURRENT_PROJECT_VERSION = 1;
				ENABLE_HARDENED_RUNTIME = NO;
				GENERATE_INFOPLIST_FILE = NO;
				INFOPLIST_FILE = Zonn/Info.plist;
				LD_RUNPATH_SEARCH_PATHS = (
					"$(inherited)",
					"@executable_path/../Frameworks",
				);
				MACOSX_DEPLOYMENT_TARGET = 14.0;
				MARKETING_VERSION = 1.0.0;
				PRODUCT_BUNDLE_IDENTIFIER = com.sultanvaliyev.Zonn;
				PRODUCT_NAME = Zonn;
				SDKROOT = macosx;
				SWIFT_VERSION = 5.9;
			};
			name = Release;
		};
		7476168A1187798025AD7672 /* Release */ = {
			isa = XCBuildConfiguration;
			buildSettings = {
				ALWAYS_SEARCH_USER_PATHS = NO;
				CLANG_ANALYZER_NONNULL = YES;
				CLANG_ANALYZER_NUMBER_OBJECT_CONVERSION = YES_AGGRESSIVE;
				CLANG_CXX_LANGUAGE_STANDARD = "gnu++14";
				CLANG_CXX_LIBRARY = "libc++";
				CLANG_ENABLE_MODULES = YES;
				CLANG_ENABLE_OBJC_ARC = YES;
				CLANG_ENABLE_OBJC_WEAK = YES;
				CLANG_WARN_BLOCK_CAPTURE_AUTORELEASING = YES;
				CLANG_WARN_BOOL_CONVERSION = YES;
				CLANG_WARN_COMMA = YES;
				CLANG_WARN_CONSTANT_CONVERSION = YES;
				CLANG_WARN_DEPRECATED_OBJC_IMPLEMENTATIONS = YES;
				CLANG_WARN_DIRECT_OBJC_ISA_USAGE = YES_ERROR;
				CLANG_WARN_DOCUMENTATION_COMMENTS = YES;
				CLANG_WARN_EMPTY_BODY = YES;
				CLANG_WARN_ENUM_CONVERSION = YES;
				CLANG_WARN_INFINITE_RECURSION = YES;
				CLANG_WARN_INT_CONVERSION = YES;
				CLANG_WARN_NON_LITERAL_NULL_CONVERSION = YES;
				CLANG_WARN_OBJC_IMPLICIT_RETAIN_SELF = YES;
				CLANG_WARN_OBJC_LITERAL_CONVERSION = YES;
				CLANG_WARN_OBJC_ROOT_CLASS = YES_ERROR;
				CLANG_WARN_QUOTED_INCLUDE_IN_FRAMEWORK_HEADER = YES;
				CLANG_WARN_RANGE_LOOP_ANALYSIS = YES;
				CLANG_WARN_STRICT_PROTOTYPES = YES;
				CLANG_WARN_SUSPICIOUS_MOVE = YES;
				CLANG_WARN_UNGUARDED_AVAILABILITY = YES_AGGRESSIVE;
				CLANG_WARN_UNREACHABLE_CODE = YES;
				CLANG_WARN__DUPLICATE_METHOD_MATCH = YES;
				COPY_PHASE_STRIP = NO;
				DEBUG_INFORMATION_FORMAT = "dwarf-with-dsym";
				ENABLE_NS_ASSERTIONS = NO;
				ENABLE_STRICT_OBJC_MSGSEND = YES;
				GCC_C_LANGUAGE_STANDARD = gnu11;
				GCC_NO_COMMON_BLOCKS = YES;
				GCC_WARN_64_TO_32_BIT_CONVERSION = YES;
				GCC_WARN_ABOUT_RETURN_TYPE = YES_ERROR;
				GCC_WARN_UNDECLARED_SELECTOR = YES;
				GCC_WARN_UNINITIALIZED_AUTOS = YES_AGGRESSIVE;
				GCC_WARN_UNUSED_FUNCTION = YES;
				GCC_WARN_UNUSED_VARIABLE = YES;
				MACOSX_DEPLOYMENT_TARGET = 14.0;
				MTL_ENABLE_DEBUG_INFO = NO;
				MTL_FAST_MATH = YES;
				PRODUCT_NAME = "$(TARGET_NAME)";
				SDKROOT = macosx;
				SWIFT_COMPILATION_MODE = wholemodule;
				SWIFT_OPTIMIZATION_LEVEL = "-O";
				SWIFT_VERSION = 5.0;
			};
			name = Release;
		};
/* End XCBuildConfiguration section */

/* Begin XCConfigurationList section */
		98A6BA88E924078E04709555 /* Build configuration list for PBXProject "Zonn" */ = {
			isa = XCConfigurationList;
			buildConfigurations = (
				3C881EEB4C0CBA863E009B09 /* Debug */,
				7476168A1187798025AD7672 /* Release */,
			);
			defaultConfigurationIsVisible = 0;
			defaultConfigurationName = Debug;
		};
		A9AB66BBEBDA4ED34EAE9D78 /* Build configuration list for PBXNativeTarget "Zonn" */ = {
			isa = XCConfigurationList;
			buildConfigurations = (
				62749C4875634D7FCEAAFECF /* Debug */,
				655A6780E0A4A59EF5A3C6BD /* Release */,
			);
			defaultConfigurationIsVisible = 0;
			defaultConfigurationName = Debug;
		};
/* End XCConfigurationList section */
	};
	rootObject = 6A92339081BE0DC0313CF250 /* Project object */;
}
